
Microsoft Visual Studio Solution File, Format Version 12.00
# Visual Studio 15
Project("{FAE04EC0-301F-11D3-BF4B-00C04F79EFBC}") = "Assembly-CSharp", "Assembly-CSharp.csproj", "{7E93CC9E-6A5B-8718-2FBB-EBA48369855E}"
EndProject
Project("{FAE04EC0-301F-11D3-BF4B-00C04F79EFBC}") = "LiteNetLib", "LiteNetLib.csproj", "{AFFDD742-3774-4648-5DA1-D9CB13A31EFD}"
EndProject
Global
	GlobalSection(SolutionConfigurationPlatforms) = preSolution
		Debug|Any CPU = Debug|Any CPU
		Release|Any CPU = Release|Any CPU
	EndGlobalSection
	GlobalSection(ProjectConfigurationPlatforms) = postSolution
		{7E93CC9E-6A5B-8718-2FBB-EBA48369855E}.Debug|Any CPU.ActiveCfg = Debug|Any CPU
		{7E93CC9E-6A5B-8718-2FBB-EBA48369855E}.Debug|Any CPU.Build.0 = Debug|Any CPU
		{7E93CC9E-6A5B-8718-2FBB-EBA48369855E}.Release|Any CPU.ActiveCfg = Release|Any CPU
		{7E93CC9E-6A5B-8718-2FBB-EBA48369855E}.Release|Any CPU.Build.0 = Release|Any CPU
		{AFFDD742-3774-4648-5DA1-D9CB13A31EFD}.Debug|Any CPU.ActiveCfg = Debug|Any CPU
		{AFFDD742-3774-4648-5DA1-D9CB13A31EFD}.Debug|Any CPU.Build.0 = Debug|Any CPU
		{AFFDD742-3774-4648-5DA1-D9CB13A31EFD}.Release|Any CPU.ActiveCfg = Release|Any CPU
		{AFFDD742-3774-4648-5DA1-D9CB13A31EFD}.Release|Any CPU.Build.0 = Release|Any CPU
	EndGlobalSection
	GlobalSection(SolutionProperties) = preSolution
		HideSolutionNode = FALSE
	EndGlobalSection
EndGlobal
